
Microsoft Visual Studio Solution File, Format Version 12.00
# Visual Studio Version 17
VisualStudioVersion = 17.6.33829.357
MinimumVisualStudioVersion = 10.0.40219.1
Project("{FAE04EC0-301F-11D3-BF4B-00C04F79EFBC}") = "XeniaWebServices", "XeniaWebServices.csproj", "{9DA60334-E3E0-4865-AAE8-2106DBD55B03}"
EndProject
Global
	GlobalSection(SolutionConfigurationPlatforms) = preSolution
		Debug|Any CPU = Debug|Any CPU
		Release|Any CPU = Release|Any CPU
	EndGlobalSection
	GlobalSection(ProjectConfigurationPlatforms) = postSolution
		{9DA60334-E3E0-4865-AAE8-2106DBD55B03}.Debug|Any CPU.ActiveCfg = Debug|Any CPU
		{9DA60334-E3E0-4865-AAE8-2106DBD55B03}.Debug|Any CPU.Build.0 = Debug|Any CPU
		{9DA60334-E3E0-4865-AAE8-2106DBD55B03}.Release|Any CPU.ActiveCfg = Release|Any CPU
		{9DA60334-E3E0-4865-AAE8-2106DBD55B03}.Release|Any CPU.Build.0 = Release|Any CPU
	EndGlobalSection
	GlobalSection(SolutionProperties) = preSolution
		HideSolutionNode = FALSE
	EndGlobalSection
	GlobalSection(ExtensibilityGlobals) = postSolution
		SolutionGuid = {74D8F9BF-CFD5-4A90-B2EF-B5F23657F879}
	EndGlobalSection
EndGlobal
